
Microsoft Visual Studio Solution File, Format Version 12.00
# Visual Studio Version 17
VisualStudioVersion = 17.6.33717.318
MinimumVisualStudioVersion = 10.0.40219.1
Project("{FAE04EC0-301F-11D3-BF4B-00C04F79EFBC}") = "server", "server\server.csproj", "{BA8FA7A5-C222-423C-890A-0DDC7DEE0348}"
EndProject
Project("{FAE04EC0-301F-11D3-BF4B-00C04F79EFBC}") = "client", "client\client.csproj", "{C6F7A6C8-3148-4160-BF79-CAD30C762D6D}"
EndProject
Global
	GlobalSection(SolutionConfigurationPlatforms) = preSolution
		Debug|Any CPU = Debug|Any CPU
		Release|Any CPU = Release|Any CPU
	EndGlobalSection
	GlobalSection(ProjectConfigurationPlatforms) = postSolution
		{BA8FA7A5-C222-423C-890A-0DDC7DEE0348}.Debug|Any CPU.ActiveCfg = Debug|Any CPU
		{BA8FA7A5-C222-423C-890A-0DDC7DEE0348}.Debug|Any CPU.Build.0 = Debug|Any CPU
		{BA8FA7A5-C222-423C-890A-0DDC7DEE0348}.Release|Any CPU.ActiveCfg = Release|Any CPU
		{BA8FA7A5-C222-423C-890A-0DDC7DEE0348}.Release|Any CPU.Build.0 = Release|Any CPU
		{C6F7A6C8-3148-4160-BF79-CAD30C762D6D}.Debug|Any CPU.ActiveCfg = Debug|Any CPU
		{C6F7A6C8-3148-4160-BF79-CAD30C762D6D}.Debug|Any CPU.Build.0 = Debug|Any CPU
		{C6F7A6C8-3148-4160-BF79-CAD30C762D6D}.Release|Any CPU.ActiveCfg = Release|Any CPU
		{C6F7A6C8-3148-4160-BF79-CAD30C762D6D}.Release|Any CPU.Build.0 = Release|Any CPU
	EndGlobalSection
	GlobalSection(SolutionProperties) = preSolution
		HideSolutionNode = FALSE
	EndGlobalSection
	GlobalSection(ExtensibilityGlobals) = postSolution
		SolutionGuid = {1F09C1E3-D6F2-4E43-A8D0-65307E63BF16}
	EndGlobalSection
EndGlobal
